
Microsoft Visual Studio Solution File, Format Version 12.00
# Visual Studio Version 17
VisualStudioVersion = 17.8.34330.188
MinimumVisualStudioVersion = 10.0.40219.1
Project("{FAE04EC0-301F-11D3-BF4B-00C04F79EFBC}") = "FronToBack", "FronToBack\FronToBack.csproj", "{C9D3691E-D0D1-4142-9E8B-89D2F94276EB}"
EndProject
Global
	GlobalSection(SolutionConfigurationPlatforms) = preSolution
		Debug|Any CPU = Debug|Any CPU
		Release|Any CPU = Release|Any CPU
	EndGlobalSection
	GlobalSection(ProjectConfigurationPlatforms) = postSolution
		{C9D3691E-D0D1-4142-9E8B-89D2F94276EB}.Debug|Any CPU.ActiveCfg = Debug|Any CPU
		{C9D3691E-D0D1-4142-9E8B-89D2F94276EB}.Debug|Any CPU.Build.0 = Debug|Any CPU
		{C9D3691E-D0D1-4142-9E8B-89D2F94276EB}.Release|Any CPU.ActiveCfg = Release|Any CPU
		{C9D3691E-D0D1-4142-9E8B-89D2F94276EB}.Release|Any CPU.Build.0 = Release|Any CPU
	EndGlobalSection
	GlobalSection(SolutionProperties) = preSolution
		HideSolutionNode = FALSE
	EndGlobalSection
	GlobalSection(ExtensibilityGlobals) = postSolution
		SolutionGuid = {1380C19C-40DE-4F46-B15D-853D5C23ADDC}
	EndGlobalSection
EndGlobal
